
Microsoft Visual Studio Solution File, Format Version 12.00
# Visual Studio Version 17
VisualStudioVersion = 17.9.34607.119
MinimumVisualStudioVersion = 10.0.40219.1
Project("{FAE04EC0-301F-11D3-BF4B-00C04F79EFBC}") = "2024-03-11", "2024-03-11.csproj", "{5C5B823D-E0F3-4C43-B884-D5C9F30E6A43}"
EndProject
Global
	GlobalSection(SolutionConfigurationPlatforms) = preSolution
		Debug|Any CPU = Debug|Any CPU
		Release|Any CPU = Release|Any CPU
	EndGlobalSection
	GlobalSection(ProjectConfigurationPlatforms) = postSolution
		{5C5B823D-E0F3-4C43-B884-D5C9F30E6A43}.Debug|Any CPU.ActiveCfg = Debug|Any CPU
		{5C5B823D-E0F3-4C43-B884-D5C9F30E6A43}.Debug|Any CPU.Build.0 = Debug|Any CPU
		{5C5B823D-E0F3-4C43-B884-D5C9F30E6A43}.Release|Any CPU.ActiveCfg = Release|Any CPU
		{5C5B823D-E0F3-4C43-B884-D5C9F30E6A43}.Release|Any CPU.Build.0 = Release|Any CPU
	EndGlobalSection
	GlobalSection(SolutionProperties) = preSolution
		HideSolutionNode = FALSE
	EndGlobalSection
	GlobalSection(ExtensibilityGlobals) = postSolution
		SolutionGuid = {823CEC4F-BA67-433B-8C53-0797006B3BE5}
	EndGlobalSection
EndGlobal
